// !$*UTF8*$!
{
	archiveVersion = 1;
	classes = {
	};
	objectVersion = 46;
	objects = {

/* Begin PBXBuildFile section */
		DC12C8E2192407DB0015CE18 /* Foundation.framework in Frameworks */ = {isa = PBXBuildFile; fileRef = DC12C8E1192407DB0015CE18 /* Foundation.framework */; };
		DC12C8E4192407DB0015CE18 /* CoreGraphics.framework in Frameworks */ = {isa = PBXBuildFile; fileRef = DC12C8E3192407DB0015CE18 /* CoreGraphics.framework */; };
		DC12C8E6192407DB0015CE18 /* UIKit.framework in Frameworks */ = {isa = PBXBuildFile; fileRef = DC12C8E5192407DB0015CE18 /* UIKit.framework */; };
		DC12C8EC192407DB0015CE18 /* InfoPlist.strings in Resources */ = {isa = PBXBuildFile; fileRef = DC12C8EA192407DB0015CE18 /* InfoPlist.strings */; };
		DC12C8EE192407DB0015CE18 /* main.m in Sources */ = {isa = PBXBuildFile; fileRef = DC12C8ED192407DB0015CE18 /* main.m */; };
		DC12C8F2192407DB0015CE18 /* AppDelegate.m in Sources */ = {isa = PBXBuildFile; fileRef = DC12C8F1192407DB0015CE18 /* AppDelegate.m */; };
		DC12C8F5192407DB0015CE18 /* Main.storyboard in Resources */ = {isa = PBXBuildFile; fileRef = DC12C8F3192407DB0015CE18 /* Main.storyboard */; };
		DC12C8F8192407DB0015CE18 /* ViewController.m in Sources */ = {isa = PBXBuildFile; fileRef = DC12C8F7192407DB0015CE18 /* ViewController.m */; };
		DC12C8FA192407DB0015CE18 /* Images.xcassets in Resources */ = {isa = PBXBuildFile; fileRef = DC12C8F9192407DB0015CE18 /* Images.xcassets */; };
		DC12C901192407DB0015CE18 /* XCTest.framework in Frameworks */ = {isa = PBXBuildFile; fileRef = DC12C900192407DB0015CE18 /* XCTest.framework */; };
		DC12C902192407DB0015CE18 /* Foundation.framework in Frameworks */ = {isa = PBXBuildFile; fileRef = DC12C8E1192407DB0015CE18 /* Foundation.framework */; };
		DC12C903192407DB0015CE18 /* UIKit.framework in Frameworks */ = {isa = PBXBuildFile; fileRef = DC12C8E5192407DB0015CE18 /* UIKit.framework */; };
		DC12C90B192407DB0015CE18 /* InfoPlist.strings in Resources */ = {isa = PBXBuildFile; fileRef = DC12C909192407DB0015CE18 /* InfoPlist.strings */; };
		DC12C90D192407DB0015CE18 /* ExampleTests.m in Sources */ = {isa = PBXBuildFile; fileRef = DC12C90C192407DB0015CE18 /* ExampleTests.m */; };
/* End PBXBuildFile section */

/* Begin PBXContainerItemProxy section */
		DC12C904192407DB0015CE18 /* PBXContainerItemProxy */ = {
			isa = PBXContainerItemProxy;
			containerPortal = DC12C8D6192407DB0015CE18 /* Project object */;
			proxyType = 1;
			remoteGlobalIDString = DC12C8DD192407DB0015CE18;
			remoteInfo = Example;
		};
/* End PBXContainerItemProxy section */

/* Begin PBXFileReference section */
		DC12C8DE192407DB0015CE18 /* Example.app */ = {isa = PBXFileReference; explicitFileType = wrapper.application; includeInIndex = 0; path = Example.app; sourceTree = BUILT_PRODUCTS_DIR; };
		DC12C8E1192407DB0015CE18 /* Foundation.framework */ = {isa = PBXFileReference; lastKnownFileType = wrapper.framework; name = Foundation.framework; path = System/Library/Frameworks/Foundation.framework; sourceTree = SDKROOT; };
		DC12C8E3192407DB0015CE18 /* CoreGraphics.framework */ = {isa = PBXFileReference; lastKnownFileType = wrapper.framework; name = CoreGraphics.framework; path = System/Library/Frameworks/CoreGraphics.framework; sourceTree = SDKROOT; };
		DC12C8E5192407DB0015CE18 /* UIKit.framework */ = {isa = PBXFileReference; lastKnownFileType = wrapper.framework; name = UIKit.framework; path = System/Library/Frameworks/UIKit.framework; sourceTree = SDKROOT; };
		DC12C8E9192407DB0015CE18 /* Example-Info.plist */ = {isa = PBXFileReference; lastKnownFileType = text.plist.xml; path = "Example-Info.plist"; sourceTree = "<group>"; };
		DC12C8EB192407DB0015CE18 /* en */ = {isa = PBXFileReference; lastKnownFileType = text.plist.strings; name = en; path = en.lproj/InfoPlist.strings; sourceTree = "<group>"; };
		DC12C8ED192407DB0015CE18 /* main.m */ = {isa = PBXFileReference; lastKnownFileType = sourcecode.c.objc; path = main.m; sourceTree = "<group>"; };
		DC12C8EF192407DB0015CE18 /* Example-Prefix.pch */ = {isa = PBXFileReference; lastKnownFileType = sourcecode.c.h; path = "Example-Prefix.pch"; sourceTree = "<group>"; };
		DC12C8F0192407DB0015CE18 /* AppDelegate.h */ = {isa = PBXFileReference; lastKnownFileType = sourcecode.c.h; path = AppDelegate.h; sourceTree = "<group>"; };
		DC12C8F1192407DB0015CE18 /* AppDelegate.m */ = {isa = PBXFileReference; lastKnownFileType = sourcecode.c.objc; path = AppDelegate.m; sourceTree = "<group>"; };
		DC12C8F4192407DB0015CE18 /* Base */ = {isa = PBXFileReference; lastKnownFileType = file.storyboard; name = Base; path = Base.lproj/Main.storyboard; sourceTree = "<group>"; };
		DC12C8F6192407DB0015CE18 /* ViewController.h */ = {isa = PBXFileReference; lastKnownFileType = sourcecode.c.h; path = ViewController.h; sourceTree = "<group>"; };
		DC12C8F7192407DB0015CE18 /* ViewController.m */ = {isa = PBXFileReference; lastKnownFileType = sourcecode.c.objc; path = ViewController.m; sourceTree = "<group>"; };
		DC12C8F9192407DB0015CE18 /* Images.xcassets */ = {isa = PBXFileReference; lastKnownFileType = folder.assetcatalog; path = Images.xcassets; sourceTree = "<group>"; };
		DC12C8FF192407DB0015CE18 /* ExampleTests.xctest */ = {isa = PBXFileReference; explicitFileType = wrapper.cfbundle; includeInIndex = 0; path = ExampleTests.xctest; sourceTree = BUILT_PRODUCTS_DIR; };
		DC12C900192407DB0015CE18 /* XCTest.framework */ = {isa = PBXFileReference; lastKnownFileType = wrapper.framework; name = XCTest.framework; path = Library/Frameworks/XCTest.framework; sourceTree = DEVELOPER_DIR; };
		DC12C908192407DB0015CE18 /* ExampleTests-Info.plist */ = {isa = PBXFileReference; lastKnownFileType = text.plist.xml; path = "ExampleTests-Info.plist"; sourceTree = "<group>"; };
		DC12C90A192407DB0015CE18 /* en */ = {isa = PBXFileReference; lastKnownFileType = text.plist.strings; name = en; path = en.lproj/InfoPlist.strings; sourceTree = "<group>"; };
		DC12C90C192407DB0015CE18 /* ExampleTests.m */ = {isa = PBXFileReference; lastKnownFileType = sourcecode.c.objc; path = ExampleTests.m; sourceTree = "<group>"; };
/* End PBXFileReference section */

/* Begin PBXFrameworksBuildPhase section */
		DC12C8DB192407DB0015CE18 /* Frameworks */ = {
			isa = PBXFrameworksBuildPhase;
			buildActionMask = 2147483647;
			files = (
				DC12C8E4192407DB0015CE18 /* CoreGraphics.framework in Frameworks */,
				DC12C8E6192407DB0015CE18 /* UIKit.framework in Frameworks */,
				DC12C8E2192407DB0015CE18 /* Foundation.framework in Frameworks */,
			);
			runOnlyForDeploymentPostprocessing = 0;
		};
		DC12C8FC192407DB0015CE18 /* Frameworks */ = {
			isa = PBXFrameworksBuildPhase;
			buildActionMask = 2147483647;
			files = (
				DC12C901192407DB0015CE18 /* XCTest.framework in Frameworks */,
				DC12C903192407DB0015CE18 /* UIKit.framework in Frameworks */,
				DC12C902192407DB0015CE18 /* Foundation.framework in Frameworks */,
			);
			runOnlyForDeploymentPostprocessing = 0;
		};
/* End PBXFrameworksBuildPhase section */

/* Begin PBXGroup section */
		DC12C8D5192407DB0015CE18 = {
			isa = PBXGroup;
			children = (
				DC12C8E7192407DB0015CE18 /* Example */,
				DC12C906192407DB0015CE18 /* ExampleTests */,
				DC12C8E0192407DB0015CE18 /* Frameworks */,
				DC12C8DF192407DB0015CE18 /* Products */,
			);
			sourceTree = "<group>";
		};
		DC12C8DF192407DB0015CE18 /* Products */ = {
			isa = PBXGroup;
			children = (
				DC12C8DE192407DB0015CE18 /* Example.app */,
				DC12C8FF192407DB0015CE18 /* ExampleTests.xctest */,
			);
			name = Products;
			sourceTree = "<group>";
		};
		DC12C8E0192407DB0015CE18 /* Frameworks */ = {
			isa = PBXGroup;
			children = (
				DC12C8E1192407DB0015CE18 /* Foundation.framework */,
				DC12C8E3192407DB0015CE18 /* CoreGraphics.framework */,
				DC12C8E5192407DB0015CE18 /* UIKit.framework */,
				DC12C900192407DB0015CE18 /* XCTest.framework */,
			);
			name = Frameworks;
			sourceTree = "<group>";
		};
		DC12C8E7192407DB0015CE18 /* Example */ = {
			isa = PBXGroup;
			children = (
				DC12C8F0192407DB0015CE18 /* AppDelegate.h */,
				DC12C8F1192407DB0015CE18 /* AppDelegate.m */,
				DC12C8F3192407DB0015CE18 /* Main.storyboard */,
				DC12C8F6192407DB0015CE18 /* ViewController.h */,
				DC12C8F7192407DB0015CE18 /* ViewController.m */,
				DC12C8F9192407DB0015CE18 /* Images.xcassets */,
				DC12C8E8192407DB0015CE18 /* Supporting Files */,
			);
			path = Example;
			sourceTree = "<group>";
		};
		DC12C8E8192407DB0015CE18 /* Supporting Files */ = {
			isa = PBXGroup;
			children = (
				DC12C8E9192407DB0015CE18 /* Example-Info.plist */,
				DC12C8EA192407DB0015CE18 /* InfoPlist.strings */,
				DC12C8ED192407DB0015CE18 /* main.m */,
				DC12C8EF192407DB0015CE18 /* Example-Prefix.pch */,
			);
			name = "Supporting Files";
			sourceTree = "<group>";
		};
		DC12C906192407DB0015CE18 /* ExampleTests */ = {
			isa = PBXGroup;
			children = (
				DC12C90C192407DB0015CE18 /* ExampleTests.m */,
				DC12C907192407DB0015CE18 /* Supporting Files */,
			);
			path = ExampleTests;
			sourceTree = "<group>";
		};
		DC12C907192407DB0015CE18 /* Supporting Files */ = {
			isa = PBXGroup;
			children = (
				DC12C908192407DB0015CE18 /* ExampleTests-Info.plist */,
				DC12C909192407DB0015CE18 /* InfoPlist.strings */,
			);
			name = "Supporting Files";
			sourceTree = "<group>";
		};
/* End PBXGroup section */

/* Begin PBXNativeTarget section */
		DC12C8DD192407DB0015CE18 /* Example */ = {
			isa = PBXNativeTarget;
			buildConfigurationList = DC12C910192407DB0015CE18 /* Build configuration list for PBXNativeTarget "Example" */;
			buildPhases = (
				DC12C8DA192407DB0015CE18 /* Sources */,
				DC12C8DB192407DB0015CE18 /* Frameworks */,
				DC12C8DC192407DB0015CE18 /* Resources */,
			);
			buildRules = (
			);
			dependencies = (
			);
			name = Example;
			productName = Example;
			productReference = DC12C8DE192407DB0015CE18 /* Example.app */;
			productType = "com.apple.product-type.application";
		};
		DC12C8FE192407DB0015CE18 /* ExampleTests */ = {
			isa = PBXNativeTarget;
			buildConfigurationList = DC12C913192407DB0015CE18 /* Build configuration list for PBXNativeTarget "ExampleTests" */;
			buildPhases = (
				DC12C8FB192407DB0015CE18 /* Sources */,
				DC12C8FC192407DB0015CE18 /* Frameworks */,
				DC12C8FD192407DB0015CE18 /* Resources */,
			);
			buildRules = (
			);
			dependencies = (
				DC12C905192407DB0015CE18 /* PBXTargetDependency */,
			);
			name = ExampleTests;
			productName = ExampleTests;
			productReference = DC12C8FF192407DB0015CE18 /* ExampleTests.xctest */;
			productType = "com.apple.product-type.bundle.unit-test";
		};
/* End PBXNativeTarget section */

/* Begin PBXProject section */
		DC12C8D6192407DB0015CE18 /* Project object */ = {
			isa = PBXProject;
			attributes = {
				LastUpgradeCheck = 0510;
				TargetAttributes = {
					DC12C8FE192407DB0015CE18 = {
						TestTargetID = DC12C8DD192407DB0015CE18;
					};
				};
			};
			buildConfigurationList = DC12C8D9192407DB0015CE18 /* Build configuration list for PBXProject "Example" */;
			compatibilityVersion = "Xcode 3.2";
			developmentRegion = English;
			hasScannedForEncodings = 0;
			knownRegions = (
				en,
				Base,
			);
			mainGroup = DC12C8D5192407DB0015CE18;
			productRefGroup = DC12C8DF192407DB0015CE18 /* Products */;
			projectDirPath = "";
			projectRoot = "";
			targets = (
				DC12C8DD192407DB0015CE18 /* Example */,
				DC12C8FE192407DB0015CE18 /* ExampleTests */,
			);
		};
/* End PBXProject section */

/* Begin PBXResourcesBuildPhase section */
		DC12C8DC192407DB0015CE18 /* Resources */ = {
			isa = PBXResourcesBuildPhase;
			buildActionMask = 2147483647;
			files = (
				DC12C8FA192407DB0015CE18 /* Images.xcassets in Resources */,
				DC12C8EC192407DB0015CE18 /* InfoPlist.strings in Resources */,
				DC12C8F5192407DB0015CE18 /* Main.storyboard in Resources */,
			);
			runOnlyForDeploymentPostprocessing = 0;
		};
		DC12C8FD192407DB0015CE18 /* Resources */ = {
			isa = PBXResourcesBuildPhase;
			buildActionMask = 2147483647;
			files = (
				DC12C90B192407DB0015CE18 /* InfoPlist.strings in Resources */,
			);
			runOnlyForDeploymentPostprocessing = 0;
		};
/* End PBXResourcesBuildPhase section */

/* Begin PBXSourcesBuildPhase section */
		DC12C8DA192407DB0015CE18 /* Sources */ = {
			isa = PBXSourcesBuildPhase;
			buildActionMask = 2147483647;
			files = (
				DC12C8F8192407DB0015CE18 /* ViewController.m in Sources */,
				DC12C8F2192407DB0015CE18 /* AppDelegate.m in Sources */,
				DC12C8EE192407DB0015CE18 /* main.m in Sources */,
			);
			runOnlyForDeploymentPostprocessing = 0;
		};
		DC12C8FB192407DB0015CE18 /* Sources */ = {
			isa = PBXSourcesBuildPhase;
			buildActionMask = 2147483647;
			files = (
				DC12C90D192407DB0015CE18 /* ExampleTests.m in Sources */,
			);
			runOnlyForDeploymentPostprocessing = 0;
		};
/* End PBXSourcesBuildPhase section */

/* Begin PBXTargetDependency section */
		DC12C905192407DB0015CE18 /* PBXTargetDependency */ = {
			isa = PBXTargetDependency;
			target = DC12C8DD192407DB0015CE18 /* Example */;
			targetProxy = DC12C904192407DB0015CE18 /* PBXContainerItemProxy */;
		};
/* End PBXTargetDependency section */

/* Begin PBXVariantGroup section */
		DC12C8EA192407DB0015CE18 /* InfoPlist.strings */ = {
			isa = PBXVariantGroup;
			children = (
				DC12C8EB192407DB0015CE18 /* en */,
			);
			name = InfoPlist.strings;
			sourceTree = "<group>";
		};
		DC12C8F3192407DB0015CE18 /* Main.storyboard */ = {
			isa = PBXVariantGroup;
			children = (
				DC12C8F4192407DB0015CE18 /* Base */,
			);
			name = Main.storyboard;
			sourceTree = "<group>";
		};
		DC12C909192407DB0015CE18 /* InfoPlist.strings */ = {
			isa = PBXVariantGroup;
			children = (
				DC12C90A192407DB0015CE18 /* en */,
			);
			name = InfoPlist.strings;
			sourceTree = "<group>";
		};
/* End PBXVariantGroup section */

/* Begin XCBuildConfiguration section */
		DC12C90E192407DB0015CE18 /* Debug */ = {
			isa = XCBuildConfiguration;
			buildSettings = {
				ALWAYS_SEARCH_USER_PATHS = NO;
				CLANG_CXX_LANGUAGE_STANDARD = "gnu++0x";
				CLANG_CXX_LIBRARY = "libc++";
				CLANG_ENABLE_MODULES = YES;
				CLANG_ENABLE_OBJC_ARC = YES;
				CLANG_WARN_BOOL_CONVERSION = YES;
				CLANG_WARN_CONSTANT_CONVERSION = YES;
				CLANG_WARN_DIRECT_OBJC_ISA_USAGE = YES_ERROR;
				CLANG_WARN_EMPTY_BODY = YES;
				CLANG_WARN_ENUM_CONVERSION = YES;
				CLANG_WARN_INT_CONVERSION = YES;
				CLANG_WARN_OBJC_ROOT_CLASS = YES_ERROR;
				CLANG_WARN__DUPLICATE_METHOD_MATCH = YES;
				"CODE_SIGN_IDENTITY[sdk=iphoneos*]" = "iPhone Developer";
				COPY_PHASE_STRIP = NO;
				GCC_C_LANGUAGE_STANDARD = gnu99;
				GCC_DYNAMIC_NO_PIC = NO;
				GCC_OPTIMIZATION_LEVEL = 0;
				GCC_PREPROCESSOR_DEFINITIONS = (
					"DEBUG=1",
					"$(inherited)",
				);
				GCC_SYMBOLS_PRIVATE_EXTERN = NO;
				GCC_WARN_64_TO_32_BIT_CONVERSION = YES;
				GCC_WARN_ABOUT_RETURN_TYPE = YES_ERROR;
				GCC_WARN_UNDECLARED_SELECTOR = YES;
				GCC_WARN_UNINITIALIZED_AUTOS = YES_AGGRESSIVE;
				GCC_WARN_UNUSED_FUNCTION = YES;
				GCC_WARN_UNUSED_VARIABLE = YES;
				IPHONEOS_DEPLOYMENT_TARGET = 7.1;
				ONLY_ACTIVE_ARCH = YES;
				SDKROOT = iphoneos;
			};
			name = Debug;
		};
		DC12C90F192407DB0015CE18 /* Release */ = {
			isa = XCBuildConfiguration;
			buildSettings = {
				ALWAYS_SEARCH_USER_PATHS = NO;
				CLANG_CXX_LANGUAGE_STANDARD = "gnu++0x";
				CLANG_CXX_LIBRARY = "libc++";
				CLANG_ENABLE_MODULES = YES;
				CLANG_ENABLE_OBJC_ARC = YES;
				CLANG_WARN_BOOL_CONVERSION = YES;
				CLANG_WARN_CONSTANT_CONVERSION = YES;
				CLANG_WARN_DIRECT_OBJC_ISA_USAGE = YES_ERROR;
				CLANG_WARN_EMPTY_BODY = YES;
				CLANG_WARN_ENUM_CONVERSION = YES;
				CLANG_WARN_INT_CONVERSION = YES;
				CLANG_WARN_OBJC_ROOT_CLASS = YES_ERROR;
				CLANG_WARN__DUPLICATE_METHOD_MATCH = YES;
				"CODE_SIGN_IDENTITY[sdk=iphoneos*]" = "iPhone Developer";
				COPY_PHASE_STRIP = YES;
				ENABLE_NS_ASSERTIONS = NO;
				GCC_C_LANGUAGE_STANDARD = gnu99;
				GCC_WARN_64_TO_32_BIT_CONVERSION = YES;
				GCC_WARN_ABOUT_RETURN_TYPE = YES_ERROR;
				GCC_WARN_UNDECLARED_SELECTOR = YES;
				GCC_WARN_UNINITIALIZED_AUTOS = YES_AGGRESSIVE;
				GCC_WARN_UNUSED_FUNCTION = YES;
				GCC_WARN_UNUSED_VARIABLE = YES;
				IPHONEOS_DEPLOYMENT_TARGET = 7.1;
				SDKROOT = iphoneos;
				VALIDATE_PRODUCT = YES;
			};
			name = Release;
		};
		DC12C911192407DB0015CE18 /* Debug */ = {
			isa = XCBuildConfiguration;
			buildSettings = {
				ASSETCATALOG_COMPILER_APPICON_NAME = AppIcon;
				ASSETCATALOG_COMPILER_LAUNCHIMAGE_NAME = LaunchImage;
				GCC_PRECOMPILE_PREFIX_HEADER = YES;
				GCC_PREFIX_HEADER = "Example/Example-Prefix.pch";
				INFOPLIST_FILE = "Example/Example-Info.plist";
				PRODUCT_NAME = "$(TARGET_NAME)";
				WRAPPER_EXTENSION = app;
			};
			name = Debug;
		};
		DC12C912192407DB0015CE18 /* Release */ = {
			isa = XCBuildConfiguration;
			buildSettings = {
				ASSETCATALOG_COMPILER_APPICON_NAME = AppIcon;
				ASSETCATALOG_COMPILER_LAUNCHIMAGE_NAME = LaunchImage;
				GCC_PRECOMPILE_PREFIX_HEADER = YES;
				GCC_PREFIX_HEADER = "Example/Example-Prefix.pch";
				INFOPLIST_FILE = "Example/Example-Info.plist";
				PRODUCT_NAME = "$(TARGET_NAME)";
				WRAPPER_EXTENSION = app;
			};
			name = Release;
		};
		DC12C914192407DB0015CE18 /* Debug */ = {
			isa = XCBuildConfiguration;
			buildSettings = {
				BUNDLE_LOADER = "$(BUILT_PRODUCTS_DIR)/Example.app/Example";
				FRAMEWORK_SEARCH_PATHS = (
					"$(SDKROOT)/Developer/Library/Frameworks",
					"$(inherited)",
					"$(DEVELOPER_FRAMEWORKS_DIR)",
				);
				GCC_PRECOMPILE_PREFIX_HEADER = YES;
				GCC_PREFIX_HEADER = "Example/Example-Prefix.pch";
				GCC_PREPROCESSOR_DEFINITIONS = (
					"DEBUG=1",
					"$(inherited)",
				);
				INFOPLIST_FILE = "ExampleTests/ExampleTests-Info.plist";
				PRODUCT_NAME = "$(TARGET_NAME)";
				TEST_HOST = "$(BUNDLE_LOADER)";
				WRAPPER_EXTENSION = xctest;
			};
			name = Debug;
		};
		DC12C915192407DB0015CE18 /* Release */ = {
			isa = XCBuildConfiguration;
			buildSettings = {
				BUNDLE_LOADER = "$(BUILT_PRODUCTS_DIR)/Example.app/Example";
				FRAMEWORK_SEARCH_PATHS = (
					"$(SDKROOT)/Developer/Library/Frameworks",
					"$(inherited)",
					"$(DEVELOPER_FRAMEWORKS_DIR)",
				);
				GCC_PRECOMPILE_PREFIX_HEADER = YES;
				GCC_PREFIX_HEADER = "Example/Example-Prefix.pch";
				INFOPLIST_FILE = "ExampleTests/ExampleTests-Info.plist";
				PRODUCT_NAME = "$(TARGET_NAME)";
				TEST_HOST = "$(BUNDLE_LOADER)";
				WRAPPER_EXTENSION = xctest;
			};
			name = Release;
		};
/* End XCBuildConfiguration section */

/* Begin XCConfigurationList section */
		DC12C8D9192407DB0015CE18 /* Build configuration list for PBXProject "Example" */ = {
			isa = XCConfigurationList;
			buildConfigurations = (
				DC12C90E192407DB0015CE18 /* Debug */,
				DC12C90F192407DB0015CE18 /* Release */,
			);
			defaultConfigurationIsVisible = 0;
			defaultConfigurationName = Release;
		};
		DC12C910192407DB0015CE18 /* Build configuration list for PBXNativeTarget "Example" */ = {
			isa = XCConfigurationList;
			buildConfigurations = (
				DC12C911192407DB0015CE18 /* Debug */,
				DC12C912192407DB0015CE18 /* Release */,
			);
			defaultConfigurationIsVisible = 0;
		};
		DC12C913192407DB0015CE18 /* Build configuration list for PBXNativeTarget "ExampleTests" */ = {
			isa = XCConfigurationList;
			buildConfigurations = (
				DC12C914192407DB0015CE18 /* Debug */,
				DC12C915192407DB0015CE18 /* Release */,
			);
			defaultConfigurationIsVisible = 0;
		};
/* End XCConfigurationList section */
	};
	rootObject = DC12C8D6192407DB0015CE18 /* Project object */;
}
